// !$*UTF8*$!
{
	archiveVersion = 1;
	classes = {
	};
	objectVersion = 46;
	objects = {

/* Begin PBXBuildFile section */
		FE13718D15E90F6300855C81 /* TPBaseViewController.m in Sources */ = {isa = PBXBuildFile; fileRef = FE13718B15E90F6300855C81 /* TPBaseViewController.m */; };
		FE13718E15E90F6300855C81 /* TPBaseViewController.xib in Resources */ = {isa = PBXBuildFile; fileRef = FE13718C15E90F6300855C81 /* TPBaseViewController.xib */; };
		FE13719715E9101900855C81 /* TPNearbyViewController.m in Sources */ = {isa = PBXBuildFile; fileRef = FE13719515E9101900855C81 /* TPNearbyViewController.m */; };
		FE13719815E9101900855C81 /* TPNearbyViewController.xib in Resources */ = {isa = PBXBuildFile; fileRef = FE13719615E9101900855C81 /* TPNearbyViewController.xib */; };
		FE13719D15E9104F00855C81 /* TPSearchViewController.m in Sources */ = {isa = PBXBuildFile; fileRef = FE13719B15E9104F00855C81 /* TPSearchViewController.m */; };
		FE13719E15E9104F00855C81 /* TPSearchViewController.xib in Resources */ = {isa = PBXBuildFile; fileRef = FE13719C15E9104F00855C81 /* TPSearchViewController.xib */; };
		FE1371A315E910B300855C81 /* TPFavoritesViewController.m in Sources */ = {isa = PBXBuildFile; fileRef = FE1371A115E910B300855C81 /* TPFavoritesViewController.m */; };
		FE1371A415E910B300855C81 /* TPFavoritesViewController.xib in Resources */ = {isa = PBXBuildFile; fileRef = FE1371A215E910B300855C81 /* TPFavoritesViewController.xib */; };
		FE1371A915E9114F00855C81 /* TPSettingsViewController.m in Sources */ = {isa = PBXBuildFile; fileRef = FE1371A715E9114F00855C81 /* TPSettingsViewController.m */; };
		FE1371AA15E9114F00855C81 /* TPSettingsViewController.xib in Resources */ = {isa = PBXBuildFile; fileRef = FE1371A815E9114F00855C81 /* TPSettingsViewController.xib */; };
		FE1371AF15E9138800855C81 /* TPMainViewController.m in Sources */ = {isa = PBXBuildFile; fileRef = FE1371AD15E9138800855C81 /* TPMainViewController.m */; };
		FE1371B015E9138800855C81 /* TPMainViewController.xib in Resources */ = {isa = PBXBuildFile; fileRef = FE1371AE15E9138800855C81 /* TPMainViewController.xib */; };
		FEBBB8EB15E91DC2005F1155 /* 06-magnify.png in Resources */ = {isa = PBXBuildFile; fileRef = FEBBB8E915E91DC2005F1155 /* 06-magnify.png */; };
		FEBBB8EC15E91DC2005F1155 /* 06-magnify@2x.png in Resources */ = {isa = PBXBuildFile; fileRef = FEBBB8EA15E91DC2005F1155 /* 06-magnify@2x.png */; };
		FEBBB8EF15E91E24005F1155 /* 28-star.png in Resources */ = {isa = PBXBuildFile; fileRef = FEBBB8ED15E91E24005F1155 /* 28-star.png */; };
		FEBBB8F015E91E24005F1155 /* 28-star@2x.png in Resources */ = {isa = PBXBuildFile; fileRef = FEBBB8EE15E91E24005F1155 /* 28-star@2x.png */; };
		FEBBB8F315E91E96005F1155 /* 74-location.png in Resources */ = {isa = PBXBuildFile; fileRef = FEBBB8F115E91E96005F1155 /* 74-location.png */; };
		FEBBB8F415E91E96005F1155 /* 74-location@2x.png in Resources */ = {isa = PBXBuildFile; fileRef = FEBBB8F215E91E96005F1155 /* 74-location@2x.png */; };
		FEBBB8F715E91EB8005F1155 /* 20-gear-2.png in Resources */ = {isa = PBXBuildFile; fileRef = FEBBB8F515E91EB8005F1155 /* 20-gear-2.png */; };
		FEBBB8F815E91EB8005F1155 /* 20-gear-2@2x.png in Resources */ = {isa = PBXBuildFile; fileRef = FEBBB8F615E91EB8005F1155 /* 20-gear-2@2x.png */; };
		FEBBB8FB15E93D2D005F1155 /* MapKit.framework in Frameworks */ = {isa = PBXBuildFile; fileRef = FEBBB8FA15E93D2D005F1155 /* MapKit.framework */; };
		FEBBB8FD15E9C7AB005F1155 /* CoreLocation.framework in Frameworks */ = {isa = PBXBuildFile; fileRef = FEBBB8FC15E9C7AB005F1155 /* CoreLocation.framework */; };
		FEBBB90515EA9C8E005F1155 /* TPSettings.m in Sources */ = {isa = PBXBuildFile; fileRef = FEBBB90415EA9C8E005F1155 /* TPSettings.m */; };
		FEF4E69115E5C64000FDFEB0 /* UIKit.framework in Frameworks */ = {isa = PBXBuildFile; fileRef = FEF4E69015E5C64000FDFEB0 /* UIKit.framework */; };
		FEF4E69315E5C64000FDFEB0 /* Foundation.framework in Frameworks */ = {isa = PBXBuildFile; fileRef = FEF4E69215E5C64000FDFEB0 /* Foundation.framework */; };
		FEF4E69515E5C64000FDFEB0 /* CoreGraphics.framework in Frameworks */ = {isa = PBXBuildFile; fileRef = FEF4E69415E5C64000FDFEB0 /* CoreGraphics.framework */; };
		FEF4E69B15E5C64000FDFEB0 /* InfoPlist.strings in Resources */ = {isa = PBXBuildFile; fileRef = FEF4E69915E5C64000FDFEB0 /* InfoPlist.strings */; };
		FEF4E69D15E5C64000FDFEB0 /* main.m in Sources */ = {isa = PBXBuildFile; fileRef = FEF4E69C15E5C64000FDFEB0 /* main.m */; };
		FEF4E6A115E5C64000FDFEB0 /* TPAppDelegate.m in Sources */ = {isa = PBXBuildFile; fileRef = FEF4E6A015E5C64000FDFEB0 /* TPAppDelegate.m */; };
/* End PBXBuildFile section */

/* Begin PBXFileReference section */
		FE13718A15E90F6300855C81 /* TPBaseViewController.h */ = {isa = PBXFileReference; fileEncoding = 4; lastKnownFileType = sourcecode.c.h; path = TPBaseViewController.h; sourceTree = "<group>"; };
		FE13718B15E90F6300855C81 /* TPBaseViewController.m */ = {isa = PBXFileReference; fileEncoding = 4; lastKnownFileType = sourcecode.c.objc; path = TPBaseViewController.m; sourceTree = "<group>"; };
		FE13718C15E90F6300855C81 /* TPBaseViewController.xib */ = {isa = PBXFileReference; fileEncoding = 4; lastKnownFileType = file.xib; path = TPBaseViewController.xib; sourceTree = "<group>"; };
		FE13719415E9101900855C81 /* TPNearbyViewController.h */ = {isa = PBXFileReference; fileEncoding = 4; lastKnownFileType = sourcecode.c.h; path = TPNearbyViewController.h; sourceTree = "<group>"; };
		FE13719515E9101900855C81 /* TPNearbyViewController.m */ = {isa = PBXFileReference; fileEncoding = 4; lastKnownFileType = sourcecode.c.objc; path = TPNearbyViewController.m; sourceTree = "<group>"; };
		FE13719615E9101900855C81 /* TPNearbyViewController.xib */ = {isa = PBXFileReference; fileEncoding = 4; lastKnownFileType = file.xib; path = TPNearbyViewController.xib; sourceTree = "<group>"; };
		FE13719A15E9104F00855C81 /* TPSearchViewController.h */ = {isa = PBXFileReference; fileEncoding = 4; lastKnownFileType = sourcecode.c.h; path = TPSearchViewController.h; sourceTree = "<group>"; };
		FE13719B15E9104F00855C81 /* TPSearchViewController.m */ = {isa = PBXFileReference; fileEncoding = 4; lastKnownFileType = sourcecode.c.objc; path = TPSearchViewController.m; sourceTree = "<group>"; };
		FE13719C15E9104F00855C81 /* TPSearchViewController.xib */ = {isa = PBXFileReference; fileEncoding = 4; lastKnownFileType = file.xib; path = TPSearchViewController.xib; sourceTree = "<group>"; };
		FE1371A015E910B300855C81 /* TPFavoritesViewController.h */ = {isa = PBXFileReference; fileEncoding = 4; lastKnownFileType = sourcecode.c.h; path = TPFavoritesViewController.h; sourceTree = "<group>"; };
		FE1371A115E910B300855C81 /* TPFavoritesViewController.m */ = {isa = PBXFileReference; fileEncoding = 4; lastKnownFileType = sourcecode.c.objc; path = TPFavoritesViewController.m; sourceTree = "<group>"; };
		FE1371A215E910B300855C81 /* TPFavoritesViewController.xib */ = {isa = PBXFileReference; fileEncoding = 4; lastKnownFileType = file.xib; path = TPFavoritesViewController.xib; sourceTree = "<group>"; };
		FE1371A615E9114F00855C81 /* TPSettingsViewController.h */ = {isa = PBXFileReference; fileEncoding = 4; lastKnownFileType = sourcecode.c.h; path = TPSettingsViewController.h; sourceTree = "<group>"; };
		FE1371A715E9114F00855C81 /* TPSettingsViewController.m */ = {isa = PBXFileReference; fileEncoding = 4; lastKnownFileType = sourcecode.c.objc; path = TPSettingsViewController.m; sourceTree = "<group>"; };
		FE1371A815E9114F00855C81 /* TPSettingsViewController.xib */ = {isa = PBXFileReference; fileEncoding = 4; lastKnownFileType = file.xib; path = TPSettingsViewController.xib; sourceTree = "<group>"; };
		FE1371AC15E9138800855C81 /* TPMainViewController.h */ = {isa = PBXFileReference; fileEncoding = 4; lastKnownFileType = sourcecode.c.h; path = TPMainViewController.h; sourceTree = "<group>"; };
		FE1371AD15E9138800855C81 /* TPMainViewController.m */ = {isa = PBXFileReference; fileEncoding = 4; lastKnownFileType = sourcecode.c.objc; path = TPMainViewController.m; sourceTree = "<group>"; };
		FE1371AE15E9138800855C81 /* TPMainViewController.xib */ = {isa = PBXFileReference; fileEncoding = 4; lastKnownFileType = file.xib; path = TPMainViewController.xib; sourceTree = "<group>"; };
		FEBBB8E915E91DC2005F1155 /* 06-magnify.png */ = {isa = PBXFileReference; lastKnownFileType = image.png; name = "06-magnify.png"; path = "../06-magnify.png"; sourceTree = "<group>"; };
		FEBBB8EA15E91DC2005F1155 /* 06-magnify@2x.png */ = {isa = PBXFileReference; lastKnownFileType = image.png; name = "06-magnify@2x.png"; path = "../06-magnify@2x.png"; sourceTree = "<group>"; };
		FEBBB8ED15E91E24005F1155 /* 28-star.png */ = {isa = PBXFileReference; lastKnownFileType = image.png; name = "28-star.png"; path = "../28-star.png"; sourceTree = "<group>"; };
		FEBBB8EE15E91E24005F1155 /* 28-star@2x.png */ = {isa = PBXFileReference; lastKnownFileType = image.png; name = "28-star@2x.png"; path = "../28-star@2x.png"; sourceTree = "<group>"; };
		FEBBB8F115E91E96005F1155 /* 74-location.png */ = {isa = PBXFileReference; lastKnownFileType = image.png; name = "74-location.png"; path = "../74-location.png"; sourceTree = "<group>"; };
		FEBBB8F215E91E96005F1155 /* 74-location@2x.png */ = {isa = PBXFileReference; lastKnownFileType = image.png; name = "74-location@2x.png"; path = "../74-location@2x.png"; sourceTree = "<group>"; };
		FEBBB8F515E91EB8005F1155 /* 20-gear-2.png */ = {isa = PBXFileReference; lastKnownFileType = image.png; name = "20-gear-2.png"; path = "../20-gear-2.png"; sourceTree = "<group>"; };
		FEBBB8F615E91EB8005F1155 /* 20-gear-2@2x.png */ = {isa = PBXFileReference; lastKnownFileType = image.png; name = "20-gear-2@2x.png"; path = "../20-gear-2@2x.png"; sourceTree = "<group>"; };
		FEBBB8FA15E93D2D005F1155 /* MapKit.framework */ = {isa = PBXFileReference; lastKnownFileType = wrapper.framework; name = MapKit.framework; path = System/Library/Frameworks/MapKit.framework; sourceTree = SDKROOT; };
		FEBBB8FC15E9C7AB005F1155 /* CoreLocation.framework */ = {isa = PBXFileReference; lastKnownFileType = wrapper.framework; name = CoreLocation.framework; path = System/Library/Frameworks/CoreLocation.framework; sourceTree = SDKROOT; };
		FEBBB90315EA9C8E005F1155 /* TPSettings.h */ = {isa = PBXFileReference; fileEncoding = 4; lastKnownFileType = sourcecode.c.h; path = TPSettings.h; sourceTree = "<group>"; };
		FEBBB90415EA9C8E005F1155 /* TPSettings.m */ = {isa = PBXFileReference; fileEncoding = 4; lastKnownFileType = sourcecode.c.objc; path = TPSettings.m; sourceTree = "<group>"; };
		FEF4E68C15E5C64000FDFEB0 /* Taste of Peru.app */ = {isa = PBXFileReference; explicitFileType = wrapper.application; includeInIndex = 0; path = "Taste of Peru.app"; sourceTree = BUILT_PRODUCTS_DIR; };
		FEF4E69015E5C64000FDFEB0 /* UIKit.framework */ = {isa = PBXFileReference; lastKnownFileType = wrapper.framework; name = UIKit.framework; path = System/Library/Frameworks/UIKit.framework; sourceTree = SDKROOT; };
		FEF4E69215E5C64000FDFEB0 /* Foundation.framework */ = {isa = PBXFileReference; lastKnownFileType = wrapper.framework; name = Foundation.framework; path = System/Library/Frameworks/Foundation.framework; sourceTree = SDKROOT; };
		FEF4E69415E5C64000FDFEB0 /* CoreGraphics.framework */ = {isa = PBXFileReference; lastKnownFileType = wrapper.framework; name = CoreGraphics.framework; path = System/Library/Frameworks/CoreGraphics.framework; sourceTree = SDKROOT; };
		FEF4E69815E5C64000FDFEB0 /* Taste of Peru-Info.plist */ = {isa = PBXFileReference; lastKnownFileType = text.plist.xml; path = "Taste of Peru-Info.plist"; sourceTree = "<group>"; };
		FEF4E69A15E5C64000FDFEB0 /* en */ = {isa = PBXFileReference; lastKnownFileType = text.plist.strings; name = en; path = en.lproj/InfoPlist.strings; sourceTree = "<group>"; };
		FEF4E69C15E5C64000FDFEB0 /* main.m */ = {isa = PBXFileReference; lastKnownFileType = sourcecode.c.objc; path = main.m; sourceTree = "<group>"; };
		FEF4E69E15E5C64000FDFEB0 /* Taste of Peru-Prefix.pch */ = {isa = PBXFileReference; lastKnownFileType = sourcecode.c.h; path = "Taste of Peru-Prefix.pch"; sourceTree = "<group>"; };
		FEF4E69F15E5C64000FDFEB0 /* TPAppDelegate.h */ = {isa = PBXFileReference; lastKnownFileType = sourcecode.c.h; path = TPAppDelegate.h; sourceTree = "<group>"; };
		FEF4E6A015E5C64000FDFEB0 /* TPAppDelegate.m */ = {isa = PBXFileReference; lastKnownFileType = sourcecode.c.objc; path = TPAppDelegate.m; sourceTree = "<group>"; };
/* End PBXFileReference section */

/* Begin PBXFrameworksBuildPhase section */
		FEF4E68915E5C64000FDFEB0 /* Frameworks */ = {
			isa = PBXFrameworksBuildPhase;
			buildActionMask = 2147483647;
			files = (
				FEBBB8FD15E9C7AB005F1155 /* CoreLocation.framework in Frameworks */,
				FEBBB8FB15E93D2D005F1155 /* MapKit.framework in Frameworks */,
				FEF4E69115E5C64000FDFEB0 /* UIKit.framework in Frameworks */,
				FEF4E69315E5C64000FDFEB0 /* Foundation.framework in Frameworks */,
				FEF4E69515E5C64000FDFEB0 /* CoreGraphics.framework in Frameworks */,
			);
			runOnlyForDeploymentPostprocessing = 0;
		};
/* End PBXFrameworksBuildPhase section */

/* Begin PBXGroup section */
		FE13718815E89DB900855C81 /* TPBaseViewController */ = {
			isa = PBXGroup;
			children = (
				FE13718A15E90F6300855C81 /* TPBaseViewController.h */,
				FE13718B15E90F6300855C81 /* TPBaseViewController.m */,
				FE13718C15E90F6300855C81 /* TPBaseViewController.xib */,
			);
			path = TPBaseViewController;
			sourceTree = "<group>";
		};
		FE13719315E90FEC00855C81 /* TPNearbyViewController */ = {
			isa = PBXGroup;
			children = (
				FE13719415E9101900855C81 /* TPNearbyViewController.h */,
				FE13719515E9101900855C81 /* TPNearbyViewController.m */,
				FE13719615E9101900855C81 /* TPNearbyViewController.xib */,
			);
			path = TPNearbyViewController;
			sourceTree = "<group>";
		};
		FE13719915E9102700855C81 /* TPSearchViewController */ = {
			isa = PBXGroup;
			children = (
				FE13719A15E9104F00855C81 /* TPSearchViewController.h */,
				FE13719B15E9104F00855C81 /* TPSearchViewController.m */,
				FE13719C15E9104F00855C81 /* TPSearchViewController.xib */,
			);
			path = TPSearchViewController;
			sourceTree = "<group>";
		};
		FE13719F15E9108A00855C81 /* TPFavoritesViewController */ = {
			isa = PBXGroup;
			children = (
				FE1371A015E910B300855C81 /* TPFavoritesViewController.h */,
				FE1371A115E910B300855C81 /* TPFavoritesViewController.m */,
				FE1371A215E910B300855C81 /* TPFavoritesViewController.xib */,
			);
			path = TPFavoritesViewController;
			sourceTree = "<group>";
		};
		FE1371A515E910D500855C81 /* TPSettingsViewController */ = {
			isa = PBXGroup;
			children = (
				FE1371A615E9114F00855C81 /* TPSettingsViewController.h */,
				FE1371A715E9114F00855C81 /* TPSettingsViewController.m */,
				FE1371A815E9114F00855C81 /* TPSettingsViewController.xib */,
			);
			path = TPSettingsViewController;
			sourceTree = "<group>";
		};
		FE1371AB15E911E700855C81 /* TBMainViewController */ = {
			isa = PBXGroup;
			children = (
				FE1371AC15E9138800855C81 /* TPMainViewController.h */,
				FE1371AD15E9138800855C81 /* TPMainViewController.m */,
				FE1371AE15E9138800855C81 /* TPMainViewController.xib */,
			);
			path = TBMainViewController;
			sourceTree = "<group>";
		};
		FEBBB8F915E91EBC005F1155 /* Tab Bar Icons */ = {
			isa = PBXGroup;
			children = (
				FEBBB8F115E91E96005F1155 /* 74-location.png */,
				FEBBB8F215E91E96005F1155 /* 74-location@2x.png */,
				FEBBB8E915E91DC2005F1155 /* 06-magnify.png */,
				FEBBB8EA15E91DC2005F1155 /* 06-magnify@2x.png */,
				FEBBB8ED15E91E24005F1155 /* 28-star.png */,
				FEBBB8EE15E91E24005F1155 /* 28-star@2x.png */,
				FEBBB8F515E91EB8005F1155 /* 20-gear-2.png */,
				FEBBB8F615E91EB8005F1155 /* 20-gear-2@2x.png */,
			);
			path = "Tab Bar Icons";
			sourceTree = "<group>";
		};
		FEBBB90215EA9C5E005F1155 /* Utilities */ = {
			isa = PBXGroup;
			children = (
				FEBBB90315EA9C8E005F1155 /* TPSettings.h */,
				FEBBB90415EA9C8E005F1155 /* TPSettings.m */,
			);
			path = Utilities;
			sourceTree = "<group>";
		};
		FEF4E68115E5C64000FDFEB0 = {
			isa = PBXGroup;
			children = (
				FEF4E6A715E5C89700FDFEB0 /* iPhone */,
				FEBBB90215EA9C5E005F1155 /* Utilities */,
				FEF4E68F15E5C64000FDFEB0 /* Frameworks */,
				FEF4E68D15E5C64000FDFEB0 /* Products */,
			);
			sourceTree = "<group>";
		};
		FEF4E68D15E5C64000FDFEB0 /* Products */ = {
			isa = PBXGroup;
			children = (
				FEF4E68C15E5C64000FDFEB0 /* Taste of Peru.app */,
			);
			name = Products;
			sourceTree = "<group>";
		};
		FEF4E68F15E5C64000FDFEB0 /* Frameworks */ = {
			isa = PBXGroup;
			children = (
				FEBBB8FC15E9C7AB005F1155 /* CoreLocation.framework */,
				FEBBB8FA15E93D2D005F1155 /* MapKit.framework */,
				FEF4E69015E5C64000FDFEB0 /* UIKit.framework */,
				FEF4E69215E5C64000FDFEB0 /* Foundation.framework */,
				FEF4E69415E5C64000FDFEB0 /* CoreGraphics.framework */,
			);
			name = Frameworks;
			sourceTree = "<group>";
		};
		FEF4E6A715E5C89700FDFEB0 /* iPhone */ = {
			isa = PBXGroup;
			children = (
				FEF4E6B315E5DFC100FDFEB0 /* Resources */,
				FEF4E6B215E5DF7E00FDFEB0 /* Views */,
				FEF4E6B115E5DF6400FDFEB0 /* View Controllers */,
				FEF4E6B415E5DFD600FDFEB0 /* Supporting Files */,
			);
			path = iPhone;
			sourceTree = "<group>";
		};
		FEF4E6B115E5DF6400FDFEB0 /* View Controllers */ = {
			isa = PBXGroup;
			children = (
				FE13719315E90FEC00855C81 /* TPNearbyViewController */,
				FE13719915E9102700855C81 /* TPSearchViewController */,
				FE13719F15E9108A00855C81 /* TPFavoritesViewController */,
				FE1371A515E910D500855C81 /* TPSettingsViewController */,
				FE13718815E89DB900855C81 /* TPBaseViewController */,
				FE1371AB15E911E700855C81 /* TBMainViewController */,
			);
			path = "View Controllers";
			sourceTree = "<group>";
		};
		FEF4E6B215E5DF7E00FDFEB0 /* Views */ = {
			isa = PBXGroup;
			children = (
			);
			path = Views;
			sourceTree = "<group>";
		};
		FEF4E6B315E5DFC100FDFEB0 /* Resources */ = {
			isa = PBXGroup;
			children = (
				FEBBB8F915E91EBC005F1155 /* Tab Bar Icons */,
			);
			path = Resources;
			sourceTree = "<group>";
		};
		FEF4E6B415E5DFD600FDFEB0 /* Supporting Files */ = {
			isa = PBXGroup;
			children = (
				FEF4E69F15E5C64000FDFEB0 /* TPAppDelegate.h */,
				FEF4E6A015E5C64000FDFEB0 /* TPAppDelegate.m */,
				FEF4E69E15E5C64000FDFEB0 /* Taste of Peru-Prefix.pch */,
				FEF4E69815E5C64000FDFEB0 /* Taste of Peru-Info.plist */,
				FEF4E69915E5C64000FDFEB0 /* InfoPlist.strings */,
				FEF4E69C15E5C64000FDFEB0 /* main.m */,
			);
			path = "Supporting Files";
			sourceTree = "<group>";
		};
/* End PBXGroup section */

/* Begin PBXNativeTarget section */
		FEF4E68B15E5C64000FDFEB0 /* Taste of Peru */ = {
			isa = PBXNativeTarget;
			buildConfigurationList = FEF4E6A415E5C64000FDFEB0 /* Build configuration list for PBXNativeTarget "Taste of Peru" */;
			buildPhases = (
				FEF4E68815E5C64000FDFEB0 /* Sources */,
				FEF4E68915E5C64000FDFEB0 /* Frameworks */,
				FEF4E68A15E5C64000FDFEB0 /* Resources */,
			);
			buildRules = (
			);
			dependencies = (
			);
			name = "Taste of Peru";
			productName = "Taste of Peru";
			productReference = FEF4E68C15E5C64000FDFEB0 /* Taste of Peru.app */;
			productType = "com.apple.product-type.application";
		};
/* End PBXNativeTarget section */

/* Begin PBXProject section */
		FEF4E68315E5C64000FDFEB0 /* Project object */ = {
			isa = PBXProject;
			attributes = {
				CLASSPREFIX = TP;
				LastUpgradeCheck = 0440;
				ORGANIZATIONNAME = "Pietro Rea";
			};
			buildConfigurationList = FEF4E68615E5C64000FDFEB0 /* Build configuration list for PBXProject "Taste of Peru" */;
			compatibilityVersion = "Xcode 3.2";
			developmentRegion = English;
			hasScannedForEncodings = 0;
			knownRegions = (
				en,
			);
			mainGroup = FEF4E68115E5C64000FDFEB0;
			productRefGroup = FEF4E68D15E5C64000FDFEB0 /* Products */;
			projectDirPath = "";
			projectRoot = "";
			targets = (
				FEF4E68B15E5C64000FDFEB0 /* Taste of Peru */,
			);
		};
/* End PBXProject section */

/* Begin PBXResourcesBuildPhase section */
		FEF4E68A15E5C64000FDFEB0 /* Resources */ = {
			isa = PBXResourcesBuildPhase;
			buildActionMask = 2147483647;
			files = (
				FEF4E69B15E5C64000FDFEB0 /* InfoPlist.strings in Resources */,
				FE13718E15E90F6300855C81 /* TPBaseViewController.xib in Resources */,
				FE13719815E9101900855C81 /* TPNearbyViewController.xib in Resources */,
				FE13719E15E9104F00855C81 /* TPSearchViewController.xib in Resources */,
				FE1371A415E910B300855C81 /* TPFavoritesViewController.xib in Resources */,
				FE1371AA15E9114F00855C81 /* TPSettingsViewController.xib in Resources */,
				FE1371B015E9138800855C81 /* TPMainViewController.xib in Resources */,
				FEBBB8EB15E91DC2005F1155 /* 06-magnify.png in Resources */,
				FEBBB8EC15E91DC2005F1155 /* 06-magnify@2x.png in Resources */,
				FEBBB8EF15E91E24005F1155 /* 28-star.png in Resources */,
				FEBBB8F015E91E24005F1155 /* 28-star@2x.png in Resources */,
				FEBBB8F315E91E96005F1155 /* 74-location.png in Resources */,
				FEBBB8F415E91E96005F1155 /* 74-location@2x.png in Resources */,
				FEBBB8F715E91EB8005F1155 /* 20-gear-2.png in Resources */,
				FEBBB8F815E91EB8005F1155 /* 20-gear-2@2x.png in Resources */,
			);
			runOnlyForDeploymentPostprocessing = 0;
		};
/* End PBXResourcesBuildPhase section */

/* Begin PBXSourcesBuildPhase section */
		FEF4E68815E5C64000FDFEB0 /* Sources */ = {
			isa = PBXSourcesBuildPhase;
			buildActionMask = 2147483647;
			files = (
				FEF4E69D15E5C64000FDFEB0 /* main.m in Sources */,
				FEF4E6A115E5C64000FDFEB0 /* TPAppDelegate.m in Sources */,
				FE13718D15E90F6300855C81 /* TPBaseViewController.m in Sources */,
				FE13719715E9101900855C81 /* TPNearbyViewController.m in Sources */,
				FE13719D15E9104F00855C81 /* TPSearchViewController.m in Sources */,
				FE1371A315E910B300855C81 /* TPFavoritesViewController.m in Sources */,
				FE1371A915E9114F00855C81 /* TPSettingsViewController.m in Sources */,
				FE1371AF15E9138800855C81 /* TPMainViewController.m in Sources */,
				FEBBB90515EA9C8E005F1155 /* TPSettings.m in Sources */,
			);
			runOnlyForDeploymentPostprocessing = 0;
		};
/* End PBXSourcesBuildPhase section */

/* Begin PBXVariantGroup section */
		FEF4E69915E5C64000FDFEB0 /* InfoPlist.strings */ = {
			isa = PBXVariantGroup;
			children = (
				FEF4E69A15E5C64000FDFEB0 /* en */,
			);
			name = InfoPlist.strings;
			sourceTree = "<group>";
		};
/* End PBXVariantGroup section */

/* Begin XCBuildConfiguration section */
		FEF4E6A215E5C64000FDFEB0 /* Debug */ = {
			isa = XCBuildConfiguration;
			buildSettings = {
				ALWAYS_SEARCH_USER_PATHS = NO;
				ARCHS = "$(ARCHS_STANDARD_32_BIT)";
				CLANG_CXX_LANGUAGE_STANDARD = "gnu++0x";
				CLANG_ENABLE_OBJC_ARC = YES;
				CLANG_WARN__DUPLICATE_METHOD_MATCH = YES;
				"CODE_SIGN_IDENTITY[sdk=iphoneos*]" = "iPhone Developer";
				COPY_PHASE_STRIP = NO;
				GCC_C_LANGUAGE_STANDARD = gnu99;
				GCC_DYNAMIC_NO_PIC = NO;
				GCC_OPTIMIZATION_LEVEL = 0;
				GCC_PREPROCESSOR_DEFINITIONS = (
					"DEBUG=1",
					"$(inherited)",
				);
				GCC_SYMBOLS_PRIVATE_EXTERN = NO;
				GCC_VERSION = com.apple.compilers.llvm.clang.1_0;
				GCC_WARN_ABOUT_RETURN_TYPE = YES;
				GCC_WARN_UNINITIALIZED_AUTOS = YES;
				GCC_WARN_UNUSED_VARIABLE = YES;
				IPHONEOS_DEPLOYMENT_TARGET = 5.1;
				SDKROOT = iphoneos;
			};
			name = Debug;
		};
		FEF4E6A315E5C64000FDFEB0 /* Release */ = {
			isa = XCBuildConfiguration;
			buildSettings = {
				ALWAYS_SEARCH_USER_PATHS = NO;
				ARCHS = "$(ARCHS_STANDARD_32_BIT)";
				CLANG_CXX_LANGUAGE_STANDARD = "gnu++0x";
				CLANG_ENABLE_OBJC_ARC = YES;
				CLANG_WARN__DUPLICATE_METHOD_MATCH = YES;
				"CODE_SIGN_IDENTITY[sdk=iphoneos*]" = "iPhone Developer";
				COPY_PHASE_STRIP = YES;
				GCC_C_LANGUAGE_STANDARD = gnu99;
				GCC_VERSION = com.apple.compilers.llvm.clang.1_0;
				GCC_WARN_ABOUT_RETURN_TYPE = YES;
				GCC_WARN_UNINITIALIZED_AUTOS = YES;
				GCC_WARN_UNUSED_VARIABLE = YES;
				IPHONEOS_DEPLOYMENT_TARGET = 5.1;
				OTHER_CFLAGS = "-DNS_BLOCK_ASSERTIONS=1";
				SDKROOT = iphoneos;
				VALIDATE_PRODUCT = YES;
			};
			name = Release;
		};
		FEF4E6A515E5C64000FDFEB0 /* Debug */ = {
			isa = XCBuildConfiguration;
			buildSettings = {
				GCC_PRECOMPILE_PREFIX_HEADER = YES;
				GCC_PREFIX_HEADER = "$(SRCROOT)/iPhone/Supporting Files/Taste of Peru-Prefix.pch";
				INFOPLIST_FILE = "$(SRCROOT)/iPhone/Supporting Files/Taste of Peru-Info.plist";
				PRODUCT_NAME = "$(TARGET_NAME)";
				WRAPPER_EXTENSION = app;
			};
			name = Debug;
		};
		FEF4E6A615E5C64000FDFEB0 /* Release */ = {
			isa = XCBuildConfiguration;
			buildSettings = {
				GCC_PRECOMPILE_PREFIX_HEADER = YES;
				GCC_PREFIX_HEADER = "$(SRCROOT)/iPhone/Supporting Files/Taste of Peru-Prefix.pch";
				INFOPLIST_FILE = "$(SRCROOT)/iPhone/Supporting Files/Taste of Peru-Info.plist";
				PRODUCT_NAME = "$(TARGET_NAME)";
				WRAPPER_EXTENSION = app;
			};
			name = Release;
		};
/* End XCBuildConfiguration section */

/* Begin XCConfigurationList section */
		FEF4E68615E5C64000FDFEB0 /* Build configuration list for PBXProject "Taste of Peru" */ = {
			isa = XCConfigurationList;
			buildConfigurations = (
				FEF4E6A215E5C64000FDFEB0 /* Debug */,
				FEF4E6A315E5C64000FDFEB0 /* Release */,
			);
			defaultConfigurationIsVisible = 0;
			defaultConfigurationName = Release;
		};
		FEF4E6A415E5C64000FDFEB0 /* Build configuration list for PBXNativeTarget "Taste of Peru" */ = {
			isa = XCConfigurationList;
			buildConfigurations = (
				FEF4E6A515E5C64000FDFEB0 /* Debug */,
				FEF4E6A615E5C64000FDFEB0 /* Release */,
			);
			defaultConfigurationIsVisible = 0;
			defaultConfigurationName = Release;
		};
/* End XCConfigurationList section */
	};
	rootObject = FEF4E68315E5C64000FDFEB0 /* Project object */;
}
